
Microsoft Visual Studio Solution File, Format Version 12.00
# Visual Studio Version 16
VisualStudioVersion = 16.0.30517.126
MinimumVisualStudioVersion = 10.0.40219.1
Project("{9A19103F-16F7-4668-BE54-9A1E7A4F7556}") = "OpenCoolMart.Api", "OpenCoolMart.Api\OpenCoolMart.Api.csproj", "{0A556AFC-C616-4F82-B784-D500D7A168C5}"
EndProject
Project("{9A19103F-16F7-4668-BE54-9A1E7A4F7556}") = "OpenCoolMart.Domain", "OpenCoolMart.Domain\OpenCoolMart.Domain.csproj", "{728B55B8-3136-487D-8B0C-20BB039A3CD0}"
EndProject
Project("{9A19103F-16F7-4668-BE54-9A1E7A4F7556}") = "OpenCoolMart.Infraestructure", "OpenCoolMart.Infraestructure\OpenCoolMart.Infraestructure.csproj", "{48E75B69-0CDB-4F41-98D7-CFA7C31F3C60}"
EndProject
Project("{9A19103F-16F7-4668-BE54-9A1E7A4F7556}") = "OpenCoolMart.Application", "OpenCoolMart.Application\OpenCoolMart.Application.csproj", "{2BF2575A-62D8-40A5-A046-D845159D773E}"
EndProject
Project("{9A19103F-16F7-4668-BE54-9A1E7A4F7556}") = "OpenCoolMart.Gui", "OpenCoolMart.Gui\OpenCoolMart.Gui.csproj", "{A8B447B9-955E-4B22-B394-121FF9E94E4E}"
EndProject
Project("{9A19103F-16F7-4668-BE54-9A1E7A4F7556}") = "OpenCoolMart.Test", "OpenCoolMart.Test\OpenCoolMart.Test.csproj", "{5D84B00D-0A82-4F30-BF07-7A3055D7D1A7}"
EndProject
Project("{FAE04EC0-301F-11D3-BF4B-00C04F79EFBC}") = "OpenCoolMart.MSTest", "OpenCoolMart.MSTest\OpenCoolMart.MSTest.csproj", "{C6C71269-0AA8-4F6D-B16D-955E48EB1A59}"
EndProject
Global
	GlobalSection(SolutionConfigurationPlatforms) = preSolution
		Debug|Any CPU = Debug|Any CPU
		Release|Any CPU = Release|Any CPU
	EndGlobalSection
	GlobalSection(ProjectConfigurationPlatforms) = postSolution
		{0A556AFC-C616-4F82-B784-D500D7A168C5}.Debug|Any CPU.ActiveCfg = Debug|Any CPU
		{0A556AFC-C616-4F82-B784-D500D7A168C5}.Debug|Any CPU.Build.0 = Debug|Any CPU
		{0A556AFC-C616-4F82-B784-D500D7A168C5}.Release|Any CPU.ActiveCfg = Release|Any CPU
		{0A556AFC-C616-4F82-B784-D500D7A168C5}.Release|Any CPU.Build.0 = Release|Any CPU
		{728B55B8-3136-487D-8B0C-20BB039A3CD0}.Debug|Any CPU.ActiveCfg = Debug|Any CPU
		{728B55B8-3136-487D-8B0C-20BB039A3CD0}.Debug|Any CPU.Build.0 = Debug|Any CPU
		{728B55B8-3136-487D-8B0C-20BB039A3CD0}.Release|Any CPU.ActiveCfg = Release|Any CPU
		{728B55B8-3136-487D-8B0C-20BB039A3CD0}.Release|Any CPU.Build.0 = Release|Any CPU
		{48E75B69-0CDB-4F41-98D7-CFA7C31F3C60}.Debug|Any CPU.ActiveCfg = Debug|Any CPU
		{48E75B69-0CDB-4F41-98D7-CFA7C31F3C60}.Debug|Any CPU.Build.0 = Debug|Any CPU
		{48E75B69-0CDB-4F41-98D7-CFA7C31F3C60}.Release|Any CPU.ActiveCfg = Release|Any CPU
		{48E75B69-0CDB-4F41-98D7-CFA7C31F3C60}.Release|Any CPU.Build.0 = Release|Any CPU
		{2BF2575A-62D8-40A5-A046-D845159D773E}.Debug|Any CPU.ActiveCfg = Debug|Any CPU
		{2BF2575A-62D8-40A5-A046-D845159D773E}.Debug|Any CPU.Build.0 = Debug|Any CPU
		{2BF2575A-62D8-40A5-A046-D845159D773E}.Release|Any CPU.ActiveCfg = Release|Any CPU
		{2BF2575A-62D8-40A5-A046-D845159D773E}.Release|Any CPU.Build.0 = Release|Any CPU
		{A8B447B9-955E-4B22-B394-121FF9E94E4E}.Debug|Any CPU.ActiveCfg = Debug|Any CPU
		{A8B447B9-955E-4B22-B394-121FF9E94E4E}.Debug|Any CPU.Build.0 = Debug|Any CPU
		{A8B447B9-955E-4B22-B394-121FF9E94E4E}.Release|Any CPU.ActiveCfg = Release|Any CPU
		{A8B447B9-955E-4B22-B394-121FF9E94E4E}.Release|Any CPU.Build.0 = Release|Any CPU
		{5D84B00D-0A82-4F30-BF07-7A3055D7D1A7}.Debug|Any CPU.ActiveCfg = Debug|Any CPU
		{5D84B00D-0A82-4F30-BF07-7A3055D7D1A7}.Debug|Any CPU.Build.0 = Debug|Any CPU
		{5D84B00D-0A82-4F30-BF07-7A3055D7D1A7}.Release|Any CPU.ActiveCfg = Release|Any CPU
		{5D84B00D-0A82-4F30-BF07-7A3055D7D1A7}.Release|Any CPU.Build.0 = Release|Any CPU
		{C6C71269-0AA8-4F6D-B16D-955E48EB1A59}.Debug|Any CPU.ActiveCfg = Debug|Any CPU
		{C6C71269-0AA8-4F6D-B16D-955E48EB1A59}.Debug|Any CPU.Build.0 = Debug|Any CPU
		{C6C71269-0AA8-4F6D-B16D-955E48EB1A59}.Release|Any CPU.ActiveCfg = Release|Any CPU
		{C6C71269-0AA8-4F6D-B16D-955E48EB1A59}.Release|Any CPU.Build.0 = Release|Any CPU
	EndGlobalSection
	GlobalSection(SolutionProperties) = preSolution
		HideSolutionNode = FALSE
	EndGlobalSection
	GlobalSection(ExtensibilityGlobals) = postSolution
		SolutionGuid = {EAFE17E8-E4FD-465C-80ED-C2CCCCBC2C61}
	EndGlobalSection
EndGlobal
